
Microsoft Visual Studio Solution File, Format Version 12.00
#
Project("{2150E333-8FDC-42A3-9474-1A3956D46DE8}") = "Services", "Services", "{7E4CADF9-9C1D-4086-8505-41F065AF2331}"
EndProject
Project("{2150E333-8FDC-42A3-9474-1A3956D46DE8}") = "CustomerService", "CustomerService", "{0764AEE7-3A3D-4ED9-A356-C17C1C04CBDE}"
EndProject
Project("{2150E333-8FDC-42A3-9474-1A3956D46DE8}") = "PdfService", "PdfService", "{53445BD4-1D26-4425-8263-65304330ED49}"
EndProject
Project("{FAE04EC0-301F-11D3-BF4B-00C04F79EFBC}") = "Domain", "src\CustomerService\Domain\Domain.csproj", "{A010346A-C400-49AA-8B6A-2105853383E3}"
EndProject
Project("{FAE04EC0-301F-11D3-BF4B-00C04F79EFBC}") = "Application", "src\CustomerService\Application\Application.csproj", "{3B6E89C0-7E59-408F-AFE8-1A24084D8D3F}"
EndProject
Project("{FAE04EC0-301F-11D3-BF4B-00C04F79EFBC}") = "Infrastructure", "src\CustomerService\Infrastructure\Infrastructure.csproj", "{A0DC1497-0815-4E4F-8538-F565BDC845DB}"
EndProject
Project("{FAE04EC0-301F-11D3-BF4B-00C04F79EFBC}") = "Api", "src\CustomerService\Api\Api.csproj", "{3F6D7077-D8C4-4EAD-8668-6177C2790111}"
EndProject
Project("{FAE04EC0-301F-11D3-BF4B-00C04F79EFBC}") = "Api", "src\PdfService\Api\Api.csproj", "{B0737D67-9B3C-4AE1-AE6F-329658146135}"
EndProject
Project("{2150E333-8FDC-42A3-9474-1A3956D46DE8}") = "AuthService", "AuthService", "{570714C3-60FA-4F22-8BC2-B45C21012087}"
EndProject
Project("{FAE04EC0-301F-11D3-BF4B-00C04F79EFBC}") = "Api", "src\AuthService\Api\Api.csproj", "{992F61CE-72E7-4382-8014-FD3ED99948D8}"
EndProject
Project("{2150E333-8FDC-42A3-9474-1A3956D46DE8}") = "EmailService", "EmailService", "{1ED067A0-D8C5-4448-AF37-8FBB6377BFB3}"
EndProject
Project("{FAE04EC0-301F-11D3-BF4B-00C04F79EFBC}") = "Api", "src\EmailService\Api\Api.csproj", "{C8071848-CFCC-4FC9-8481-8A67CF36355E}"
EndProject
Project("{2150E333-8FDC-42A3-9474-1A3956D46DE8}") = "InvoiceService", "InvoiceService", "{BFF8A31C-D3D1-404C-A704-DF1E63CAD30D}"
EndProject
Project("{FAE04EC0-301F-11D3-BF4B-00C04F79EFBC}") = "Api", "src\InvoiceService\Api\Api.csproj", "{E57E5932-2B73-4EE7-A05D-DF5FEA3EEA9A}"
EndProject
Project("{FAE04EC0-301F-11D3-BF4B-00C04F79EFBC}") = "Shared.Logging", "Shared.Logging\Shared.Logging.csproj", "{DD29190B-E7BB-44BC-B790-50524A77F8EC}"
EndProject
Project("{2150E333-8FDC-42A3-9474-1A3956D46DE8}") = "Tests", "Tests", "{3F9D311F-664C-4D72-A9F0-28619870257C}"
EndProject
Project("{FAE04EC0-301F-11D3-BF4B-00C04F79EFBC}") = "AuthService.Test", "tests\AuthService.Test\AuthService.Test.csproj", "{A91D34F2-1032-476E-8689-6B0FB72F66A5}"
EndProject
Project("{FAE04EC0-301F-11D3-BF4B-00C04F79EFBC}") = "PdfService.Test", "tests\PdfService.Test\PdfService.Test.csproj", "{D49ECED3-A7D5-4FA9-9855-3520106F49DA}"
EndProject
Project("{FAE04EC0-301F-11D3-BF4B-00C04F79EFBC}") = "EmailService.Test", "tests\EmailService.Test\EmailService.Test.csproj", "{B4F8B066-8A30-4821-A088-E55D2C39219F}"
EndProject
Project("{FAE04EC0-301F-11D3-BF4B-00C04F79EFBC}") = "InvoiceService.Test", "tests\InvoiceService.Test\InvoiceService.Test.csproj", "{4D99B1CE-E34B-4661-BB42-0B59DC8C03F1}"
EndProject
Project("{FAE04EC0-301F-11D3-BF4B-00C04F79EFBC}") = "CustomerService.Test", "tests\CustomerService.Test\CustomerService.Test.csproj", "{89F5A7BB-4259-4D91-82A8-25879B3C4441}"
EndProject
Project("{FAE04EC0-301F-11D3-BF4B-00C04F79EFBC}") = "Shared.Tests", "Shared.Tests\Shared.Tests.csproj", "{F75699A8-EBCB-4EB7-B0C7-65A1920AA402}"
EndProject
Global
	GlobalSection(SolutionConfigurationPlatforms) = preSolution
		Debug|Any CPU = Debug|Any CPU
		Release|Any CPU = Release|Any CPU
	EndGlobalSection
	GlobalSection(NestedProjects) = preSolution
		{0764AEE7-3A3D-4ED9-A356-C17C1C04CBDE} = {7E4CADF9-9C1D-4086-8505-41F065AF2331}
		{53445BD4-1D26-4425-8263-65304330ED49} = {7E4CADF9-9C1D-4086-8505-41F065AF2331}
		{A010346A-C400-49AA-8B6A-2105853383E3} = {0764AEE7-3A3D-4ED9-A356-C17C1C04CBDE}
		{3B6E89C0-7E59-408F-AFE8-1A24084D8D3F} = {0764AEE7-3A3D-4ED9-A356-C17C1C04CBDE}
		{A0DC1497-0815-4E4F-8538-F565BDC845DB} = {0764AEE7-3A3D-4ED9-A356-C17C1C04CBDE}
		{3F6D7077-D8C4-4EAD-8668-6177C2790111} = {0764AEE7-3A3D-4ED9-A356-C17C1C04CBDE}
		{B0737D67-9B3C-4AE1-AE6F-329658146135} = {53445BD4-1D26-4425-8263-65304330ED49}
		{570714C3-60FA-4F22-8BC2-B45C21012087} = {7E4CADF9-9C1D-4086-8505-41F065AF2331}
		{992F61CE-72E7-4382-8014-FD3ED99948D8} = {570714C3-60FA-4F22-8BC2-B45C21012087}
		{1ED067A0-D8C5-4448-AF37-8FBB6377BFB3} = {7E4CADF9-9C1D-4086-8505-41F065AF2331}
		{C8071848-CFCC-4FC9-8481-8A67CF36355E} = {1ED067A0-D8C5-4448-AF37-8FBB6377BFB3}
		{BFF8A31C-D3D1-404C-A704-DF1E63CAD30D} = {7E4CADF9-9C1D-4086-8505-41F065AF2331}
		{E57E5932-2B73-4EE7-A05D-DF5FEA3EEA9A} = {BFF8A31C-D3D1-404C-A704-DF1E63CAD30D}
		{A91D34F2-1032-476E-8689-6B0FB72F66A5} = {3F9D311F-664C-4D72-A9F0-28619870257C}
		{D49ECED3-A7D5-4FA9-9855-3520106F49DA} = {3F9D311F-664C-4D72-A9F0-28619870257C}
		{B4F8B066-8A30-4821-A088-E55D2C39219F} = {3F9D311F-664C-4D72-A9F0-28619870257C}
		{4D99B1CE-E34B-4661-BB42-0B59DC8C03F1} = {3F9D311F-664C-4D72-A9F0-28619870257C}
		{89F5A7BB-4259-4D91-82A8-25879B3C4441} = {3F9D311F-664C-4D72-A9F0-28619870257C}
	EndGlobalSection
	GlobalSection(ProjectConfigurationPlatforms) = postSolution
		{A010346A-C400-49AA-8B6A-2105853383E3}.Debug|Any CPU.ActiveCfg = Debug|Any CPU
		{A010346A-C400-49AA-8B6A-2105853383E3}.Debug|Any CPU.Build.0 = Debug|Any CPU
		{A010346A-C400-49AA-8B6A-2105853383E3}.Release|Any CPU.ActiveCfg = Release|Any CPU
		{A010346A-C400-49AA-8B6A-2105853383E3}.Release|Any CPU.Build.0 = Release|Any CPU
		{3B6E89C0-7E59-408F-AFE8-1A24084D8D3F}.Debug|Any CPU.ActiveCfg = Debug|Any CPU
		{3B6E89C0-7E59-408F-AFE8-1A24084D8D3F}.Debug|Any CPU.Build.0 = Debug|Any CPU
		{3B6E89C0-7E59-408F-AFE8-1A24084D8D3F}.Release|Any CPU.ActiveCfg = Release|Any CPU
		{3B6E89C0-7E59-408F-AFE8-1A24084D8D3F}.Release|Any CPU.Build.0 = Release|Any CPU
		{A0DC1497-0815-4E4F-8538-F565BDC845DB}.Debug|Any CPU.ActiveCfg = Debug|Any CPU
		{A0DC1497-0815-4E4F-8538-F565BDC845DB}.Debug|Any CPU.Build.0 = Debug|Any CPU
		{A0DC1497-0815-4E4F-8538-F565BDC845DB}.Release|Any CPU.ActiveCfg = Release|Any CPU
		{A0DC1497-0815-4E4F-8538-F565BDC845DB}.Release|Any CPU.Build.0 = Release|Any CPU
		{3F6D7077-D8C4-4EAD-8668-6177C2790111}.Debug|Any CPU.ActiveCfg = Debug|Any CPU
		{3F6D7077-D8C4-4EAD-8668-6177C2790111}.Debug|Any CPU.Build.0 = Debug|Any CPU
		{3F6D7077-D8C4-4EAD-8668-6177C2790111}.Release|Any CPU.ActiveCfg = Release|Any CPU
		{3F6D7077-D8C4-4EAD-8668-6177C2790111}.Release|Any CPU.Build.0 = Release|Any CPU
		{B0737D67-9B3C-4AE1-AE6F-329658146135}.Debug|Any CPU.ActiveCfg = Debug|Any CPU
		{B0737D67-9B3C-4AE1-AE6F-329658146135}.Debug|Any CPU.Build.0 = Debug|Any CPU
		{B0737D67-9B3C-4AE1-AE6F-329658146135}.Release|Any CPU.ActiveCfg = Release|Any CPU
		{B0737D67-9B3C-4AE1-AE6F-329658146135}.Release|Any CPU.Build.0 = Release|Any CPU
		{992F61CE-72E7-4382-8014-FD3ED99948D8}.Debug|Any CPU.ActiveCfg = Debug|Any CPU
		{992F61CE-72E7-4382-8014-FD3ED99948D8}.Debug|Any CPU.Build.0 = Debug|Any CPU
		{992F61CE-72E7-4382-8014-FD3ED99948D8}.Release|Any CPU.ActiveCfg = Release|Any CPU
		{992F61CE-72E7-4382-8014-FD3ED99948D8}.Release|Any CPU.Build.0 = Release|Any CPU
		{C8071848-CFCC-4FC9-8481-8A67CF36355E}.Debug|Any CPU.ActiveCfg = Debug|Any CPU
		{C8071848-CFCC-4FC9-8481-8A67CF36355E}.Debug|Any CPU.Build.0 = Debug|Any CPU
		{C8071848-CFCC-4FC9-8481-8A67CF36355E}.Release|Any CPU.ActiveCfg = Release|Any CPU
		{C8071848-CFCC-4FC9-8481-8A67CF36355E}.Release|Any CPU.Build.0 = Release|Any CPU
		{E57E5932-2B73-4EE7-A05D-DF5FEA3EEA9A}.Debug|Any CPU.ActiveCfg = Debug|Any CPU
		{E57E5932-2B73-4EE7-A05D-DF5FEA3EEA9A}.Debug|Any CPU.Build.0 = Debug|Any CPU
		{E57E5932-2B73-4EE7-A05D-DF5FEA3EEA9A}.Release|Any CPU.ActiveCfg = Release|Any CPU
		{E57E5932-2B73-4EE7-A05D-DF5FEA3EEA9A}.Release|Any CPU.Build.0 = Release|Any CPU
		{DD29190B-E7BB-44BC-B790-50524A77F8EC}.Debug|Any CPU.ActiveCfg = Debug|Any CPU
		{DD29190B-E7BB-44BC-B790-50524A77F8EC}.Debug|Any CPU.Build.0 = Debug|Any CPU
		{DD29190B-E7BB-44BC-B790-50524A77F8EC}.Release|Any CPU.ActiveCfg = Release|Any CPU
		{DD29190B-E7BB-44BC-B790-50524A77F8EC}.Release|Any CPU.Build.0 = Release|Any CPU
		{A91D34F2-1032-476E-8689-6B0FB72F66A5}.Debug|Any CPU.ActiveCfg = Debug|Any CPU
		{A91D34F2-1032-476E-8689-6B0FB72F66A5}.Debug|Any CPU.Build.0 = Debug|Any CPU
		{A91D34F2-1032-476E-8689-6B0FB72F66A5}.Release|Any CPU.ActiveCfg = Release|Any CPU
		{A91D34F2-1032-476E-8689-6B0FB72F66A5}.Release|Any CPU.Build.0 = Release|Any CPU
		{D49ECED3-A7D5-4FA9-9855-3520106F49DA}.Debug|Any CPU.ActiveCfg = Debug|Any CPU
		{D49ECED3-A7D5-4FA9-9855-3520106F49DA}.Debug|Any CPU.Build.0 = Debug|Any CPU
		{D49ECED3-A7D5-4FA9-9855-3520106F49DA}.Release|Any CPU.ActiveCfg = Release|Any CPU
		{D49ECED3-A7D5-4FA9-9855-3520106F49DA}.Release|Any CPU.Build.0 = Release|Any CPU
		{B4F8B066-8A30-4821-A088-E55D2C39219F}.Debug|Any CPU.ActiveCfg = Debug|Any CPU
		{B4F8B066-8A30-4821-A088-E55D2C39219F}.Debug|Any CPU.Build.0 = Debug|Any CPU
		{B4F8B066-8A30-4821-A088-E55D2C39219F}.Release|Any CPU.ActiveCfg = Release|Any CPU
		{B4F8B066-8A30-4821-A088-E55D2C39219F}.Release|Any CPU.Build.0 = Release|Any CPU
		{4D99B1CE-E34B-4661-BB42-0B59DC8C03F1}.Debug|Any CPU.ActiveCfg = Debug|Any CPU
		{4D99B1CE-E34B-4661-BB42-0B59DC8C03F1}.Debug|Any CPU.Build.0 = Debug|Any CPU
		{4D99B1CE-E34B-4661-BB42-0B59DC8C03F1}.Release|Any CPU.ActiveCfg = Release|Any CPU
		{4D99B1CE-E34B-4661-BB42-0B59DC8C03F1}.Release|Any CPU.Build.0 = Release|Any CPU
		{89F5A7BB-4259-4D91-82A8-25879B3C4441}.Debug|Any CPU.ActiveCfg = Debug|Any CPU
		{89F5A7BB-4259-4D91-82A8-25879B3C4441}.Debug|Any CPU.Build.0 = Debug|Any CPU
		{89F5A7BB-4259-4D91-82A8-25879B3C4441}.Release|Any CPU.ActiveCfg = Release|Any CPU
		{89F5A7BB-4259-4D91-82A8-25879B3C4441}.Release|Any CPU.Build.0 = Release|Any CPU
		{F75699A8-EBCB-4EB7-B0C7-65A1920AA402}.Debug|Any CPU.ActiveCfg = Debug|Any CPU
		{F75699A8-EBCB-4EB7-B0C7-65A1920AA402}.Debug|Any CPU.Build.0 = Debug|Any CPU
		{F75699A8-EBCB-4EB7-B0C7-65A1920AA402}.Release|Any CPU.ActiveCfg = Release|Any CPU
		{F75699A8-EBCB-4EB7-B0C7-65A1920AA402}.Release|Any CPU.Build.0 = Release|Any CPU
	EndGlobalSection
EndGlobal
